{
  "name": "app-service",
  "version": "1.0.0",
  "lockfileVersion": 1,
  "requires": true,
  "dependencies": {
    "@babel/runtime": {
      "version": "7.7.4",
      "resolved": "https://registry.npmjs.org/@babel/runtime/-/runtime-7.7.4.tgz",
      "integrity": "sha512-r24eVUUr0QqNZa+qrImUk8fn5SPhHq+IfYvIoIMg0do3GdK9sMdiLKP3GYVVaxpPKORgm8KRKaNTEhAjgIpLMw==",
      "requires": {
        "regenerator-runtime": "^0.13.2"
      },
      "dependencies": {
        "regenerator-runtime": {
          "version": "0.13.7",
          "resolved": "https://registry.npmjs.org/regenerator-runtime/-/regenerator-runtime-0.13.7.tgz",
          "integrity": "sha512-a54FxoJDIr27pgf7IgeQGxmqUNYrcV338lf/6gH456HZ/PhX+5BcwHXG9ajESmwe6WRO0tAzRUrRmNONWgkrew=="
        }
      }
    },
    "@babel/runtime-corejs3": {
      "version": "7.7.4",
      "resolved": "https://registry.npmjs.org/@babel/runtime-corejs3/-/runtime-corejs3-7.7.4.tgz",
      "integrity": "sha512-BBIEhzk8McXDcB3IbOi8zQPzzINUp4zcLesVlBSOcyGhzPUU8Xezk5GAG7Sy5GVhGmAO0zGd2qRSeY2g4Obqxw==",
      "requires": {
        "core-js-pure": "^3.0.0",
        "regenerator-runtime": "^0.13.2"
      },
      "dependencies": {
        "regenerator-runtime": {
          "version": "0.13.7",
          "resolved": "https://registry.npmjs.org/regenerator-runtime/-/regenerator-runtime-0.13.7.tgz",
          "integrity": "sha512-a54FxoJDIr27pgf7IgeQGxmqUNYrcV338lf/6gH456HZ/PhX+5BcwHXG9ajESmwe6WRO0tAzRUrRmNONWgkrew=="
        }
      }
    },
    "async-limiter": {
      "version": "1.0.1",
      "resolved": "https://registry.npmjs.org/async-limiter/-/async-limiter-1.0.1.tgz",
      "integrity": "sha512-csOlWGAcRFJaI6m+F2WKdnMKr4HhdhFVBk0H/QbJFMCr+uO2kwohwXQPxw/9OCxp05r5ghVBFSyioixx3gfkNQ=="
    },
    "babel-cli": {
      "version": "6.24.1",
      "resolved": "http://registry.npm.taobao.org/babel-cli/download/babel-cli-6.24.1.tgz",
      "integrity": "sha1-IHzXBbumFImy6kG1MSNBz2rKIoM=",
      "dev": true,
      "dependencies": {
        "source-map": {
          "version": "0.5.6",
          "resolved": "http://registry.npm.taobao.org/source-map/download/source-map-0.5.6.tgz",
          "integrity": "sha1-dc449SvwczxafwwRjYEzSiu19BI="
        }
      }
    },
    "babel-eslint": {
      "version": "6.1.2",
      "resolved": "http://registry.npm.taobao.org/babel-eslint/download/babel-eslint-6.1.2.tgz",
      "integrity": "sha1-UpNBn+NnLWZZjTJ9qWlFZ7pqXy8=",
      "dev": true
    },
    "babel-polyfill": {
      "version": "6.23.0",
      "resolved": "http://registry.npm.taobao.org/babel-polyfill/download/babel-polyfill-6.23.0.tgz",
      "integrity": "sha1-g2TKYt+Or7gwSZ9pkXdGbDsDSZ0=",
      "dev": true
    },
    "babel-preset-es2015": {
      "version": "6.24.1",
      "resolved": "http://registry.npm.taobao.org/babel-preset-es2015/download/babel-preset-es2015-6.24.1.tgz",
      "integrity": "sha1-1EBQ1rwsn+6nAqrzjXJ6AhBTiTk=",
      "dev": true
    },
    "babel-preset-stage-2": {
      "version": "6.24.1",
      "resolved": "http://registry.npm.taobao.org/babel-preset-stage-2/download/babel-preset-stage-2-6.24.1.tgz",
      "integrity": "sha1-2eKWD7PXEYfw5k7sYrwHdnIZvcE=",
      "dev": true
    },
    "body-parser": {
      "version": "1.13.3",
      "resolved": "http://registry.npm.taobao.org/body-parser/download/body-parser-1.13.3.tgz",
      "integrity": "sha1-wIzzMMM1jhUQFqBXRvE/ApyX+pc="
    },
    "connect-favicons": {
      "version": "0.1.5",
      "resolved": "http://registry.npm.taobao.org/connect-favicons/download/connect-favicons-0.1.5.tgz",
      "integrity": "sha1-xGcY0eLsTFJv+bGmRg6w8neQfcA="
    },
    "cookie-parser": {
      "version": "1.3.5",
      "resolved": "http://registry.npm.taobao.org/cookie-parser/download/cookie-parser-1.3.5.tgz",
      "integrity": "sha1-nXVVcPtdF4kHcSJ6AjFNm+fPg1Y="
    },
    "core-js-pure": {
      "version": "3.6.5",
      "resolved": "https://registry.npmjs.org/core-js-pure/-/core-js-pure-3.6.5.tgz",
      "integrity": "sha512-lacdXOimsiD0QyNf9BC/mxivNJ/ybBGJXQFKzRekp1WTHoVUWsUHEn+2T8GJAzzIhyOuXA+gOxCVN3l+5PLPUA=="
    },
    "debug": {
      "version": "2.2.0",
      "resolved": "http://registry.npm.taobao.org/debug/download/debug-2.2.0.tgz",
      "integrity": "sha1-+HBX6ZWxofauaklgZkE3vFbwOdo="
    },
    "eslint": {
      "version": "3.19.0",
      "resolved": "http://registry.npm.taobao.org/eslint/download/eslint-3.19.0.tgz",
      "integrity": "sha1-yPxiAcf0DdCJQbh8CFdnOGpnmsw=",
      "dev": true,
      "dependencies": {
        "estraverse": {
          "version": "4.2.0",
          "resolved": "http://registry.npm.taobao.org/estraverse/download/estraverse-4.2.0.tgz",
          "integrity": "sha1-De4/7TH81GlhjOc0IJn8GvoL2xM="
        },
        "user-home": {
          "version": "2.0.0",
          "resolved": "http://registry.npm.taobao.org/user-home/download/user-home-2.0.0.tgz",
          "integrity": "sha1-nHC/2Babwdy/SGBODwS4tJzenp8="
        }
      }
    },
    "express": {
      "version": "4.13.4",
      "resolved": "http://registry.npm.taobao.org/express/download/express-4.13.4.tgz",
      "integrity": "sha1-PAt288d1kMg0VzkGHsC9O6Bn7CQ=",
      "dependencies": {
        "cookie": {
          "version": "0.1.5",
          "resolved": "http://registry.npm.taobao.org/cookie/download/cookie-0.1.5.tgz",
          "integrity": "sha1-armUiksa4hlSzSWIUwpHItQETXw="
        },
        "depd": {
          "version": "1.1.0",
          "resolved": "http://registry.npm.taobao.org/depd/download/depd-1.1.0.tgz",
          "integrity": "sha1-4b2Cxqq2ztlluXuIsX7T5SjKGMM="
        }
      }
    },
    "formidable": {
      "version": "1.1.1",
      "resolved": "http://registry.npm.taobao.org/formidable/download/formidable-1.1.1.tgz",
      "integrity": "sha1-lriIb3w8NQi5Mta9cMTTqI818ak="
    },
    "fs-extra": {
      "version": "1.0.0",
      "resolved": "http://registry.npm.taobao.org/fs-extra/download/fs-extra-1.0.0.tgz",
      "integrity": "sha1-zTzl9+fLYUWIP8rjGR6Yd/hYeVA="
    },
    "hbs": {
      "version": "3.1.1",
      "resolved": "http://registry.npm.taobao.org/hbs/download/hbs-3.1.1.tgz",
      "integrity": "sha1-qmqGo+r0yy3Kgj7RuRRQDpwlgv0="
    },
    "moment": {
      "version": "2.18.1",
      "resolved": "http://registry.npm.taobao.org/moment/download/moment-2.18.1.tgz",
      "integrity": "sha1-w2GT3Tzhwu7SrbfIAtu8d6gbHA8="
    },
    "mongoose": {
      "version": "4.10.8",
      "resolved": "http://registry.npm.taobao.org/mongoose/download/mongoose-4.10.8.tgz",
      "integrity": "sha1-MfRO14hHVvn9m3cI3cs/y0JQ804=",
      "dependencies": {
        "async": {
          "version": "2.1.4",
          "resolved": "http://registry.npm.taobao.org/async/download/async-2.1.4.tgz",
          "integrity": "sha1-LSFgx3iAMuTdbL4lAvH5osj2zeQ="
        },
        "ms": {
          "version": "2.0.0",
          "resolved": "http://registry.npm.taobao.org/ms/download/ms-2.0.0.tgz",
          "integrity": "sha1-VgiurfwAvmwpAd9fmGF4jeDVl8g="
        }
      }
    },
    "morgan": {
      "version": "1.6.1",
      "resolved": "http://registry.npm.taobao.org/morgan/download/morgan-1.6.1.tgz",
      "integrity": "sha1-X9gYOYxoGcuiinzWZk8pL+HAu/I="
    },
    "nodemon": {
      "version": "1.11.0",
      "resolved": "http://registry.npm.taobao.org/nodemon/download/nodemon-1.11.0.tgz",
      "integrity": "sha1-ImxWK9KnsT09dRi0mtSCijYj0Gw=",
      "dev": true
    },
    "parse": {
      "version": "2.10.0",
      "resolved": "https://registry.npmjs.org/parse/-/parse-2.10.0.tgz",
      "integrity": "sha512-TBJCvQPachrcGGLbN8llN8tOr01VsKB6pxi3OWq3/C0bIHHdb2Bd+cgH4v5ZlRCrZt3MHVasGH4rvx7Klkp7Wg==",
      "requires": {
        "@babel/runtime": "7.7.4",
        "@babel/runtime-corejs3": "7.7.4",
        "uuid": "3.3.3",
        "ws": "7.2.0",
        "xmlhttprequest": "1.8.0"
      },
      "dependencies": {
        "uuid": {
          "version": "3.3.3",
          "resolved": "https://registry.npmjs.org/uuid/-/uuid-3.3.3.tgz",
          "integrity": "sha512-pW0No1RGHgzlpHJO1nsVrHKpOEIxkGg1xB+v0ZmdNH5OAeAwzAVrCnI2/6Mtx+Uys6iaylxa+D3g4j63IKKjSQ=="
        },
        "ws": {
          "version": "7.2.0",
          "resolved": "https://registry.npmjs.org/ws/-/ws-7.2.0.tgz",
          "integrity": "sha512-+SqNqFbwTm/0DC18KYzIsMTnEWpLwJsiasW/O17la4iDRRIO9uaHbvKiAS3AHgTiuuWerK/brj4O6MYZkei9xg==",
          "requires": {
            "async-limiter": "^1.0.0"
          }
        }
      }
    },
    "parse-dashboard": {
      "version": "1.0.28",
      "resolved": "http://registry.npm.taobao.org/parse-dashboard/download/parse-dashboard-1.0.28.tgz",
      "integrity": "sha1-TnkvwBY3PlxgNIQmlOqdRy6FleA=",
      "dependencies": {
        "body-parser": {
          "version": "1.17.2",
          "resolved": "http://registry.npm.taobao.org/body-parser/download/body-parser-1.17.2.tgz",
          "integrity": "sha1-+IkqvI+eYn1Crtr7yma/WrmRBO4="
        },
        "bytes": {
          "version": "2.4.0",
          "resolved": "http://registry.npm.taobao.org/bytes/download/bytes-2.4.0.tgz",
          "integrity": "sha1-fZcZb51br39pNeJZhVSe3SpsIzk="
        },
        "debug": {
          "version": "2.6.7",
          "resolved": "http://registry.npm.taobao.org/debug/download/debug-2.6.7.tgz",
          "integrity": "sha1-krrR9tBbu2u6Isyoi80OyJTChh4="
        },
        "depd": {
          "version": "1.1.0",
          "resolved": "http://registry.npm.taobao.org/depd/download/depd-1.1.0.tgz",
          "integrity": "sha1-4b2Cxqq2ztlluXuIsX7T5SjKGMM="
        },
        "http-errors": {
          "version": "1.6.1",
          "resolved": "http://registry.npm.taobao.org/http-errors/download/http-errors-1.6.1.tgz",
          "integrity": "sha1-X4uO2YrKVFZWv1cplzh/kEpyIlc="
        },
        "iconv-lite": {
          "version": "0.4.15",
          "resolved": "http://registry.npm.taobao.org/iconv-lite/download/iconv-lite-0.4.15.tgz",
          "integrity": "sha1-/iZaIYrGpXz+hUkn6dBMGYJe3es="
        },
        "ms": {
          "version": "2.0.0",
          "resolved": "http://registry.npm.taobao.org/ms/download/ms-2.0.0.tgz",
          "integrity": "sha1-VgiurfwAvmwpAd9fmGF4jeDVl8g="
        },
        "qs": {
          "version": "6.4.0",
          "resolved": "http://registry.npm.taobao.org/qs/download/qs-6.4.0.tgz",
          "integrity": "sha1-E+JtKK1rD/qpExLNO/cI7TUecjM="
        },
        "raw-body": {
          "version": "2.2.0",
          "resolved": "http://registry.npm.taobao.org/raw-body/download/raw-body-2.2.0.tgz",
          "integrity": "sha1-mUl2z2pQlqQRYoQEkvC9xdbn+5Y="
        }
      }
    },
    "parse-server": {
      "version": "2.4.2",
      "resolved": "http://registry.npm.taobao.org/parse-server/download/parse-server-2.4.2.tgz",
      "integrity": "sha1-vDM/5lZ0iK7qpHDZmLKP4/HUogE=",
      "dependencies": {
        "accepts": {
          "version": "1.3.3",
          "resolved": "http://registry.npm.taobao.org/accepts/download/accepts-1.3.3.tgz",
          "integrity": "sha1-w8p0NJOGSMPg2cHjKN1otiLChMo="
        },
        "body-parser": {
          "version": "1.17.2",
          "resolved": "http://registry.npm.taobao.org/body-parser/download/body-parser-1.17.2.tgz",
          "integrity": "sha1-+IkqvI+eYn1Crtr7yma/WrmRBO4="
        },
        "bytes": {
          "version": "2.4.0",
          "resolved": "http://registry.npm.taobao.org/bytes/download/bytes-2.4.0.tgz",
          "integrity": "sha1-fZcZb51br39pNeJZhVSe3SpsIzk="
        },
        "content-disposition": {
          "version": "0.5.2",
          "resolved": "http://registry.npm.taobao.org/content-disposition/download/content-disposition-0.5.2.tgz",
          "integrity": "sha1-DPaLud318r55YcOoUXjLhdunjLQ="
        },
        "cookie": {
          "version": "0.3.1",
          "resolved": "http://registry.npm.taobao.org/cookie/download/cookie-0.3.1.tgz",
          "integrity": "sha1-5+Ch+e9DtMi6klxcWpboBtFoc7s="
        },
        "debug": {
          "version": "2.6.7",
          "resolved": "http://registry.npm.taobao.org/debug/download/debug-2.6.7.tgz",
          "integrity": "sha1-krrR9tBbu2u6Isyoi80OyJTChh4="
        },
        "depd": {
          "version": "1.1.0",
          "resolved": "http://registry.npm.taobao.org/depd/download/depd-1.1.0.tgz",
          "integrity": "sha1-4b2Cxqq2ztlluXuIsX7T5SjKGMM="
        },
        "etag": {
          "version": "1.8.0",
          "resolved": "http://registry.npm.taobao.org/etag/download/etag-1.8.0.tgz",
          "integrity": "sha1-b2Ma7zNtbEY2K1F2QETOIWvjwFE="
        },
        "express": {
          "version": "4.15.2",
          "resolved": "http://registry.npm.taobao.org/express/download/express-4.15.2.tgz",
          "integrity": "sha1-rxB/wUhQRFfy3Kmm8lcdcSm5ezU=",
          "dependencies": {
            "debug": {
              "version": "2.6.1",
              "resolved": "http://registry.npm.taobao.org/debug/download/debug-2.6.1.tgz",
              "integrity": "sha1-eYVQkLosTjEVzH2HaUkdWPBJE1E="
            },
            "ms": {
              "version": "0.7.2",
              "resolved": "http://registry.npm.taobao.org/ms/download/ms-0.7.2.tgz",
              "integrity": "sha1-riXPJRKziFodldfwN4aNhDESR2U="
            }
          }
        },
        "finalhandler": {
          "version": "1.0.3",
          "resolved": "http://registry.npm.taobao.org/finalhandler/download/finalhandler-1.0.3.tgz",
          "integrity": "sha1-70fneVDpmXgOhgIqVg4yF+DQzIk="
        },
        "fresh": {
          "version": "0.5.0",
          "resolved": "http://registry.npm.taobao.org/fresh/download/fresh-0.5.0.tgz",
          "integrity": "sha1-9HTKXmqSRtb9jglTz6m5yAWvp44="
        },
        "http-errors": {
          "version": "1.6.1",
          "resolved": "http://registry.npm.taobao.org/http-errors/download/http-errors-1.6.1.tgz",
          "integrity": "sha1-X4uO2YrKVFZWv1cplzh/kEpyIlc="
        },
        "iconv-lite": {
          "version": "0.4.15",
          "resolved": "http://registry.npm.taobao.org/iconv-lite/download/iconv-lite-0.4.15.tgz",
          "integrity": "sha1-/iZaIYrGpXz+hUkn6dBMGYJe3es="
        },
        "ipaddr.js": {
          "version": "1.3.0",
          "resolved": "http://registry.npm.taobao.org/ipaddr.js/download/ipaddr.js-1.3.0.tgz",
          "integrity": "sha1-HgOlL9rYOou7KyXL9JmLTP/NPew="
        },
        "mime": {
          "version": "1.3.6",
          "resolved": "http://registry.npm.taobao.org/mime/download/mime-1.3.6.tgz",
          "integrity": "sha1-WR2E02U6awtKO5343lqoEI5y5eA="
        },
        "ms": {
          "version": "2.0.0",
          "resolved": "http://registry.npm.taobao.org/ms/download/ms-2.0.0.tgz",
          "integrity": "sha1-VgiurfwAvmwpAd9fmGF4jeDVl8g="
        },
        "negotiator": {
          "version": "0.6.1",
          "resolved": "http://registry.npm.taobao.org/negotiator/download/negotiator-0.6.1.tgz",
          "integrity": "sha1-KzJxhOiZIQEXeyhWP7XnECrNDKk="
        },
        "proxy-addr": {
          "version": "1.1.4",
          "resolved": "http://registry.npm.taobao.org/proxy-addr/download/proxy-addr-1.1.4.tgz",
          "integrity": "sha1-J+VF9pYKRKYn2bREZ+NcG2tM4vM="
        },
        "qs": {
          "version": "6.4.0",
          "resolved": "http://registry.npm.taobao.org/qs/download/qs-6.4.0.tgz",
          "integrity": "sha1-E+JtKK1rD/qpExLNO/cI7TUecjM="
        },
        "range-parser": {
          "version": "1.2.0",
          "resolved": "http://registry.npm.taobao.org/range-parser/download/range-parser-1.2.0.tgz",
          "integrity": "sha1-9JvmtIeJTdxA3MlKMi9hEJLgDV4="
        },
        "raw-body": {
          "version": "2.2.0",
          "resolved": "http://registry.npm.taobao.org/raw-body/download/raw-body-2.2.0.tgz",
          "integrity": "sha1-mUl2z2pQlqQRYoQEkvC9xdbn+5Y="
        },
        "safe-buffer": {
          "version": "5.0.1",
          "resolved": "http://registry.npm.taobao.org/safe-buffer/download/safe-buffer-5.0.1.tgz",
          "integrity": "sha1-0mPKVGls2KMGtcplUekt5XkY++c="
        },
        "send": {
          "version": "0.15.1",
          "resolved": "http://registry.npm.taobao.org/send/download/send-0.15.1.tgz",
          "integrity": "sha1-igI1TCbm9cynAAZfXwzeupDse18=",
          "dependencies": {
            "debug": {
              "version": "2.6.1",
              "resolved": "http://registry.npm.taobao.org/debug/download/debug-2.6.1.tgz",
              "integrity": "sha1-eYVQkLosTjEVzH2HaUkdWPBJE1E="
            },
            "mime": {
              "version": "1.3.4",
              "resolved": "http://registry.npm.taobao.org/mime/download/mime-1.3.4.tgz",
              "integrity": "sha1-EV+eO2s9rylZmDyzjxSaLUDrXVM="
            },
            "ms": {
              "version": "0.7.2",
              "resolved": "http://registry.npm.taobao.org/ms/download/ms-0.7.2.tgz",
              "integrity": "sha1-riXPJRKziFodldfwN4aNhDESR2U="
            }
          }
        },
        "serve-static": {
          "version": "1.12.1",
          "resolved": "http://registry.npm.taobao.org/serve-static/download/serve-static-1.12.1.tgz",
          "integrity": "sha1-dEOpZePO1kes61Y5+ga/TRu+ADk="
        },
        "ultron": {
          "version": "1.1.0",
          "resolved": "http://registry.npm.taobao.org/ultron/download/ultron-1.1.0.tgz",
          "integrity": "sha1-sHoualQagV/Go0zNRTO67DB8qGQ="
        },
        "vary": {
          "version": "1.1.1",
          "resolved": "http://registry.npm.taobao.org/vary/download/vary-1.1.1.tgz",
          "integrity": "sha1-Z1Neu2lMHVIldFeYRmUyP1h+jTc="
        },
        "ws": {
          "version": "3.0.0",
          "resolved": "http://registry.npm.taobao.org/ws/download/ws-3.0.0.tgz",
          "integrity": "sha1-mN2wAFbIOQy3Ued4h4hJf5kQO2w="
        }
      }
    },
    "serve-favicon": {
      "version": "2.3.2",
      "resolved": "http://registry.npm.taobao.org/serve-favicon/download/serve-favicon-2.3.2.tgz",
      "integrity": "sha1-3UGeJo3gEqtysxnTN/IQUBP5OB8=",
      "dependencies": {
        "ms": {
          "version": "0.7.2",
          "resolved": "http://registry.npm.taobao.org/ms/download/ms-0.7.2.tgz",
          "integrity": "sha1-riXPJRKziFodldfwN4aNhDESR2U="
        }
      }
    },
    "xmlhttprequest": {
      "version": "1.8.0",
      "resolved": "http://registry.npm.taobao.org/xmlhttprequest/download/xmlhttprequest-1.8.0.tgz",
      "integrity": "sha1-Z/4HXFwk/vOfnWX197f+dRcZaPw="
    }
  }
}
